// !$*UTF8*$!
{
	archiveVersion = 1;
	classes = {
	};
	objectVersion = 55;
	objects = {

/* Begin PBXBuildFile section */
		E41E187D28A02FE800FF4DC6 /* FirebaseAnalyticsSwift in Frameworks */ = {isa = PBXBuildFile; productRef = E41E187C28A02FE800FF4DC6 /* FirebaseAnalyticsSwift */; };
		E41E187F28A02FE800FF4DC6 /* FirebaseAuth in Frameworks */ = {isa = PBXBuildFile; productRef = E41E187E28A02FE800FF4DC6 /* FirebaseAuth */; };
		E41E188128A02FE800FF4DC6 /* FirebaseFirestoreSwift in Frameworks */ = {isa = PBXBuildFile; productRef = E41E188028A02FE800FF4DC6 /* FirebaseFirestoreSwift */; };
		E4368B3A289C7EFB00006E36 /* Tests_iOS.swift in Sources */ = {isa = PBXBuildFile; fileRef = E4368B39289C7EFB00006E36 /* Tests_iOS.swift */; };
		E4368B3C289C7EFB00006E36 /* Tests_iOSLaunchTests.swift in Sources */ = {isa = PBXBuildFile; fileRef = E4368B3B289C7EFB00006E36 /* Tests_iOSLaunchTests.swift */; };
		E4368B46289C7EFC00006E36 /* Tests_macOS.swift in Sources */ = {isa = PBXBuildFile; fileRef = E4368B45289C7EFC00006E36 /* Tests_macOS.swift */; };
		E4368B48289C7EFC00006E36 /* Tests_macOSLaunchTests.swift in Sources */ = {isa = PBXBuildFile; fileRef = E4368B47289C7EFC00006E36 /* Tests_macOSLaunchTests.swift */; };
		E4368B49289C7EFC00006E36 /* Jakob_Skov_Sondergard_CVApp.swift in Sources */ = {isa = PBXBuildFile; fileRef = E4368B21289C7EFA00006E36 /* Jakob_Skov_Sondergard_CVApp.swift */; };
		E4368B4A289C7EFC00006E36 /* Jakob_Skov_Sondergard_CVApp.swift in Sources */ = {isa = PBXBuildFile; fileRef = E4368B21289C7EFA00006E36 /* Jakob_Skov_Sondergard_CVApp.swift */; };
		E4368B4B289C7EFC00006E36 /* ContentView.swift in Sources */ = {isa = PBXBuildFile; fileRef = E4368B22289C7EFA00006E36 /* ContentView.swift */; };
		E4368B4C289C7EFC00006E36 /* ContentView.swift in Sources */ = {isa = PBXBuildFile; fileRef = E4368B22289C7EFA00006E36 /* ContentView.swift */; };
		E4368B4D289C7EFC00006E36 /* Assets.xcassets in Resources */ = {isa = PBXBuildFile; fileRef = E4368B23289C7EFB00006E36 /* Assets.xcassets */; };
		E4368B4E289C7EFC00006E36 /* Assets.xcassets in Resources */ = {isa = PBXBuildFile; fileRef = E4368B23289C7EFB00006E36 /* Assets.xcassets */; };
		E4368B68289C86E000006E36 /* SimpleInfoView.swift in Sources */ = {isa = PBXBuildFile; fileRef = E4368B67289C86E000006E36 /* SimpleInfoView.swift */; };
		E4368B69289C86E000006E36 /* SimpleInfoView.swift in Sources */ = {isa = PBXBuildFile; fileRef = E4368B67289C86E000006E36 /* SimpleInfoView.swift */; };
		E4368B6A289C86E000006E36 /* SimpleInfoView.swift in Sources */ = {isa = PBXBuildFile; fileRef = E4368B67289C86E000006E36 /* SimpleInfoView.swift */; };
		E4368B6B289C86E000006E36 /* SimpleInfoView.swift in Sources */ = {isa = PBXBuildFile; fileRef = E4368B67289C86E000006E36 /* SimpleInfoView.swift */; };
		E4368B6D289D3F5400006E36 /* Constants.swift in Sources */ = {isa = PBXBuildFile; fileRef = E4368B6C289D3F5400006E36 /* Constants.swift */; };
		E4368B6E289D3F5400006E36 /* Constants.swift in Sources */ = {isa = PBXBuildFile; fileRef = E4368B6C289D3F5400006E36 /* Constants.swift */; };
		E4368B6F289D3F5400006E36 /* Constants.swift in Sources */ = {isa = PBXBuildFile; fileRef = E4368B6C289D3F5400006E36 /* Constants.swift */; };
		E4368B70289D3F5400006E36 /* Constants.swift in Sources */ = {isa = PBXBuildFile; fileRef = E4368B6C289D3F5400006E36 /* Constants.swift */; };
		E4368B72289D462200006E36 /* FontList.swift in Sources */ = {isa = PBXBuildFile; fileRef = E4368B71289D462200006E36 /* FontList.swift */; };
		E4368B73289D462200006E36 /* FontList.swift in Sources */ = {isa = PBXBuildFile; fileRef = E4368B71289D462200006E36 /* FontList.swift */; };
		E4368B74289D462200006E36 /* FontList.swift in Sources */ = {isa = PBXBuildFile; fileRef = E4368B71289D462200006E36 /* FontList.swift */; };
		E4368B75289D462200006E36 /* FontList.swift in Sources */ = {isa = PBXBuildFile; fileRef = E4368B71289D462200006E36 /* FontList.swift */; };
		E4368B77289D4A2400006E36 /* CVItem.swift in Sources */ = {isa = PBXBuildFile; fileRef = E4368B76289D4A2400006E36 /* CVItem.swift */; };
		E4368B78289D4A2400006E36 /* CVItem.swift in Sources */ = {isa = PBXBuildFile; fileRef = E4368B76289D4A2400006E36 /* CVItem.swift */; };
		E4368B79289D4A2400006E36 /* CVItem.swift in Sources */ = {isa = PBXBuildFile; fileRef = E4368B76289D4A2400006E36 /* CVItem.swift */; };
		E4368B7A289D4A2400006E36 /* CVItem.swift in Sources */ = {isa = PBXBuildFile; fileRef = E4368B76289D4A2400006E36 /* CVItem.swift */; };
		E4368B7C289D55AB00006E36 /* CVSectionView.swift in Sources */ = {isa = PBXBuildFile; fileRef = E4368B7B289D55AB00006E36 /* CVSectionView.swift */; };
		E4368B7D289D55AB00006E36 /* CVSectionView.swift in Sources */ = {isa = PBXBuildFile; fileRef = E4368B7B289D55AB00006E36 /* CVSectionView.swift */; };
		E4368B7E289D55AB00006E36 /* CVSectionView.swift in Sources */ = {isa = PBXBuildFile; fileRef = E4368B7B289D55AB00006E36 /* CVSectionView.swift */; };
		E4368B7F289D55AB00006E36 /* CVSectionView.swift in Sources */ = {isa = PBXBuildFile; fileRef = E4368B7B289D55AB00006E36 /* CVSectionView.swift */; };
		E48135B2289DC48B00B82777 /* Secrets.swift in Sources */ = {isa = PBXBuildFile; fileRef = E48135B1289DC48B00B82777 /* Secrets.swift */; };
		E48135B3289DC48B00B82777 /* Secrets.swift in Sources */ = {isa = PBXBuildFile; fileRef = E48135B1289DC48B00B82777 /* Secrets.swift */; };
		E48135B4289DC48B00B82777 /* Secrets.swift in Sources */ = {isa = PBXBuildFile; fileRef = E48135B1289DC48B00B82777 /* Secrets.swift */; };
		E48135B5289DC48B00B82777 /* Secrets.swift in Sources */ = {isa = PBXBuildFile; fileRef = E48135B1289DC48B00B82777 /* Secrets.swift */; };
		E48135B7289DC5FC00B82777 /* AboutMeButton.swift in Sources */ = {isa = PBXBuildFile; fileRef = E48135B6289DC5FC00B82777 /* AboutMeButton.swift */; };
		E48135B8289DC5FC00B82777 /* AboutMeButton.swift in Sources */ = {isa = PBXBuildFile; fileRef = E48135B6289DC5FC00B82777 /* AboutMeButton.swift */; };
		E48135B9289DC5FC00B82777 /* AboutMeButton.swift in Sources */ = {isa = PBXBuildFile; fileRef = E48135B6289DC5FC00B82777 /* AboutMeButton.swift */; };
		E48135BA289DC5FC00B82777 /* AboutMeButton.swift in Sources */ = {isa = PBXBuildFile; fileRef = E48135B6289DC5FC00B82777 /* AboutMeButton.swift */; };
		E48135BC289DCBB900B82777 /* JobSectionView.swift in Sources */ = {isa = PBXBuildFile; fileRef = E48135BB289DCBB900B82777 /* JobSectionView.swift */; };
		E48135BD289DCBB900B82777 /* JobSectionView.swift in Sources */ = {isa = PBXBuildFile; fileRef = E48135BB289DCBB900B82777 /* JobSectionView.swift */; };
		E48135BE289DCBB900B82777 /* JobSectionView.swift in Sources */ = {isa = PBXBuildFile; fileRef = E48135BB289DCBB900B82777 /* JobSectionView.swift */; };
		E48135BF289DCBB900B82777 /* JobSectionView.swift in Sources */ = {isa = PBXBuildFile; fileRef = E48135BB289DCBB900B82777 /* JobSectionView.swift */; };
		E48135C1289DCC8600B82777 /* ContactInfoView.swift in Sources */ = {isa = PBXBuildFile; fileRef = E48135C0289DCC8600B82777 /* ContactInfoView.swift */; };
		E48135C2289DCC8600B82777 /* ContactInfoView.swift in Sources */ = {isa = PBXBuildFile; fileRef = E48135C0289DCC8600B82777 /* ContactInfoView.swift */; };
		E48135C3289DCC8600B82777 /* ContactInfoView.swift in Sources */ = {isa = PBXBuildFile; fileRef = E48135C0289DCC8600B82777 /* ContactInfoView.swift */; };
		E48135C4289DCC8600B82777 /* ContactInfoView.swift in Sources */ = {isa = PBXBuildFile; fileRef = E48135C0289DCC8600B82777 /* ContactInfoView.swift */; };
		E48135C6289DD14B00B82777 /* AboutMeSectionView.swift in Sources */ = {isa = PBXBuildFile; fileRef = E48135C5289DD14B00B82777 /* AboutMeSectionView.swift */; };
		E48135C7289DD14B00B82777 /* AboutMeSectionView.swift in Sources */ = {isa = PBXBuildFile; fileRef = E48135C5289DD14B00B82777 /* AboutMeSectionView.swift */; };
		E48135C8289DD14B00B82777 /* AboutMeSectionView.swift in Sources */ = {isa = PBXBuildFile; fileRef = E48135C5289DD14B00B82777 /* AboutMeSectionView.swift */; };
		E48135C9289DD14B00B82777 /* AboutMeSectionView.swift in Sources */ = {isa = PBXBuildFile; fileRef = E48135C5289DD14B00B82777 /* AboutMeSectionView.swift */; };
		E48135CB289DD3ED00B82777 /* TopPresentationView.swift in Sources */ = {isa = PBXBuildFile; fileRef = E48135CA289DD3ED00B82777 /* TopPresentationView.swift */; };
		E48135CC289DD3ED00B82777 /* TopPresentationView.swift in Sources */ = {isa = PBXBuildFile; fileRef = E48135CA289DD3ED00B82777 /* TopPresentationView.swift */; };
		E48135CD289DD3ED00B82777 /* TopPresentationView.swift in Sources */ = {isa = PBXBuildFile; fileRef = E48135CA289DD3ED00B82777 /* TopPresentationView.swift */; };
		E48135CE289DD3ED00B82777 /* TopPresentationView.swift in Sources */ = {isa = PBXBuildFile; fileRef = E48135CA289DD3ED00B82777 /* TopPresentationView.swift */; };
		E498C3B028A1B1BB00FA870A /* GoogleService-Info.plist in Resources */ = {isa = PBXBuildFile; fileRef = E498C3AF28A1B1BB00FA870A /* GoogleService-Info.plist */; };
		E498C3B128A1B1BB00FA870A /* GoogleService-Info.plist in Resources */ = {isa = PBXBuildFile; fileRef = E498C3AF28A1B1BB00FA870A /* GoogleService-Info.plist */; };
		E498C3B228A1B1BB00FA870A /* GoogleService-Info.plist in Resources */ = {isa = PBXBuildFile; fileRef = E498C3AF28A1B1BB00FA870A /* GoogleService-Info.plist */; };
		E498C3B328A1B1BB00FA870A /* GoogleService-Info.plist in Resources */ = {isa = PBXBuildFile; fileRef = E498C3AF28A1B1BB00FA870A /* GoogleService-Info.plist */; };
		E4C40FC628A28AE20086D137 /* Tests_AuthenticationHandler.swift in Sources */ = {isa = PBXBuildFile; fileRef = E4C40FC528A28AE20086D137 /* Tests_AuthenticationHandler.swift */; };
		E4C40FC728A28AE20086D137 /* Tests_AuthenticationHandler.swift in Sources */ = {isa = PBXBuildFile; fileRef = E4C40FC528A28AE20086D137 /* Tests_AuthenticationHandler.swift */; };
		E4C91B4928A108E90072F694 /* FirebaseAnalyticsSwift in Frameworks */ = {isa = PBXBuildFile; productRef = E4C91B4828A108E90072F694 /* FirebaseAnalyticsSwift */; };
		E4C91B4B28A108E90072F694 /* FirebaseAuth in Frameworks */ = {isa = PBXBuildFile; productRef = E4C91B4A28A108E90072F694 /* FirebaseAuth */; };
		E4C91B4D28A108E90072F694 /* FirebaseFirestoreSwift in Frameworks */ = {isa = PBXBuildFile; productRef = E4C91B4C28A108E90072F694 /* FirebaseFirestoreSwift */; };
		E4C91B5028A12BE70072F694 /* FirebaseAuth in Frameworks */ = {isa = PBXBuildFile; productRef = E4C91B4F28A12BE70072F694 /* FirebaseAuth */; };
		E4C91B5228A12BE70072F694 /* FirebaseFirestoreSwift in Frameworks */ = {isa = PBXBuildFile; productRef = E4C91B5128A12BE70072F694 /* FirebaseFirestoreSwift */; };
		E4C91B5528A12EE90072F694 /* FirebaseAuth in Frameworks */ = {isa = PBXBuildFile; productRef = E4C91B5428A12EE90072F694 /* FirebaseAuth */; };
		E4C91B5728A12EE90072F694 /* FirebaseFirestoreSwift in Frameworks */ = {isa = PBXBuildFile; productRef = E4C91B5628A12EE90072F694 /* FirebaseFirestoreSwift */; };
		E4C91B6128A148AC0072F694 /* AuthenticationHandler.swift in Sources */ = {isa = PBXBuildFile; fileRef = E4C91B6028A148AC0072F694 /* AuthenticationHandler.swift */; };
		E4C91B6228A148AC0072F694 /* AuthenticationHandler.swift in Sources */ = {isa = PBXBuildFile; fileRef = E4C91B6028A148AC0072F694 /* AuthenticationHandler.swift */; };
		E4C91B6328A148AC0072F694 /* AuthenticationHandler.swift in Sources */ = {isa = PBXBuildFile; fileRef = E4C91B6028A148AC0072F694 /* AuthenticationHandler.swift */; };
		E4C91B6428A148AC0072F694 /* AuthenticationHandler.swift in Sources */ = {isa = PBXBuildFile; fileRef = E4C91B6028A148AC0072F694 /* AuthenticationHandler.swift */; };
		E4C91B6628A14A010072F694 /* CVRegistrationAndRetrievalView.swift in Sources */ = {isa = PBXBuildFile; fileRef = E4C91B6528A14A010072F694 /* CVRegistrationAndRetrievalView.swift */; };
		E4C91B6728A14A010072F694 /* CVRegistrationAndRetrievalView.swift in Sources */ = {isa = PBXBuildFile; fileRef = E4C91B6528A14A010072F694 /* CVRegistrationAndRetrievalView.swift */; };
		E4C91B6828A14A010072F694 /* CVRegistrationAndRetrievalView.swift in Sources */ = {isa = PBXBuildFile; fileRef = E4C91B6528A14A010072F694 /* CVRegistrationAndRetrievalView.swift */; };
		E4C91B6928A14A010072F694 /* CVRegistrationAndRetrievalView.swift in Sources */ = {isa = PBXBuildFile; fileRef = E4C91B6528A14A010072F694 /* CVRegistrationAndRetrievalView.swift */; };
		E4E3310E28A1AE0400667476 /* ProsaCVItemContainerView.swift in Sources */ = {isa = PBXBuildFile; fileRef = E4E3310A28A1AE0400667476 /* ProsaCVItemContainerView.swift */; };
		E4E3310F28A1AE0400667476 /* ProsaCVItemContainerView.swift in Sources */ = {isa = PBXBuildFile; fileRef = E4E3310A28A1AE0400667476 /* ProsaCVItemContainerView.swift */; };
		E4E3311028A1AE0400667476 /* ProsaCVItemContainerView.swift in Sources */ = {isa = PBXBuildFile; fileRef = E4E3310A28A1AE0400667476 /* ProsaCVItemContainerView.swift */; };
		E4E3311128A1AE0400667476 /* ProsaCVItemContainerView.swift in Sources */ = {isa = PBXBuildFile; fileRef = E4E3310A28A1AE0400667476 /* ProsaCVItemContainerView.swift */; };
		E4E3311228A1AE0400667476 /* ProsaCVContentView.swift in Sources */ = {isa = PBXBuildFile; fileRef = E4E3310B28A1AE0400667476 /* ProsaCVContentView.swift */; };
		E4E3311328A1AE0400667476 /* ProsaCVContentView.swift in Sources */ = {isa = PBXBuildFile; fileRef = E4E3310B28A1AE0400667476 /* ProsaCVContentView.swift */; };
		E4E3311428A1AE0400667476 /* ProsaCVContentView.swift in Sources */ = {isa = PBXBuildFile; fileRef = E4E3310B28A1AE0400667476 /* ProsaCVContentView.swift */; };
		E4E3311528A1AE0400667476 /* ProsaCVContentView.swift in Sources */ = {isa = PBXBuildFile; fileRef = E4E3310B28A1AE0400667476 /* ProsaCVContentView.swift */; };
		E4E3311628A1AE0400667476 /* TitleView.swift in Sources */ = {isa = PBXBuildFile; fileRef = E4E3310C28A1AE0400667476 /* TitleView.swift */; };
		E4E3311728A1AE0400667476 /* TitleView.swift in Sources */ = {isa = PBXBuildFile; fileRef = E4E3310C28A1AE0400667476 /* TitleView.swift */; };
		E4E3311828A1AE0400667476 /* TitleView.swift in Sources */ = {isa = PBXBuildFile; fileRef = E4E3310C28A1AE0400667476 /* TitleView.swift */; };
		E4E3311928A1AE0400667476 /* TitleView.swift in Sources */ = {isa = PBXBuildFile; fileRef = E4E3310C28A1AE0400667476 /* TitleView.swift */; };
		E4E3311A28A1AE0400667476 /* ProsaContactView.swift in Sources */ = {isa = PBXBuildFile; fileRef = E4E3310D28A1AE0400667476 /* ProsaContactView.swift */; };
		E4E3311B28A1AE0400667476 /* ProsaContactView.swift in Sources */ = {isa = PBXBuildFile; fileRef = E4E3310D28A1AE0400667476 /* ProsaContactView.swift */; };
		E4E3311C28A1AE0400667476 /* ProsaContactView.swift in Sources */ = {isa = PBXBuildFile; fileRef = E4E3310D28A1AE0400667476 /* ProsaContactView.swift */; };
		E4E3311D28A1AE0400667476 /* ProsaContactView.swift in Sources */ = {isa = PBXBuildFile; fileRef = E4E3310D28A1AE0400667476 /* ProsaContactView.swift */; };
		E4E3312828A1AE1F00667476 /* Address.swift in Sources */ = {isa = PBXBuildFile; fileRef = E4E3312028A1AE1F00667476 /* Address.swift */; };
		E4E3312928A1AE1F00667476 /* Address.swift in Sources */ = {isa = PBXBuildFile; fileRef = E4E3312028A1AE1F00667476 /* Address.swift */; };
		E4E3312A28A1AE1F00667476 /* Address.swift in Sources */ = {isa = PBXBuildFile; fileRef = E4E3312028A1AE1F00667476 /* Address.swift */; };
		E4E3312B28A1AE1F00667476 /* Address.swift in Sources */ = {isa = PBXBuildFile; fileRef = E4E3312028A1AE1F00667476 /* Address.swift */; };
		E4E3312C28A1AE1F00667476 /* ConstTextsObserved.swift in Sources */ = {isa = PBXBuildFile; fileRef = E4E3312128A1AE1F00667476 /* ConstTextsObserved.swift */; };
		E4E3312D28A1AE1F00667476 /* ConstTextsObserved.swift in Sources */ = {isa = PBXBuildFile; fileRef = E4E3312128A1AE1F00667476 /* ConstTextsObserved.swift */; };
		E4E3312E28A1AE1F00667476 /* ConstTextsObserved.swift in Sources */ = {isa = PBXBuildFile; fileRef = E4E3312128A1AE1F00667476 /* ConstTextsObserved.swift */; };
		E4E3312F28A1AE1F00667476 /* ConstTextsObserved.swift in Sources */ = {isa = PBXBuildFile; fileRef = E4E3312128A1AE1F00667476 /* ConstTextsObserved.swift */; };
		E4E3313028A1AE1F00667476 /* ConstTexts.swift in Sources */ = {isa = PBXBuildFile; fileRef = E4E3312228A1AE1F00667476 /* ConstTexts.swift */; };
		E4E3313128A1AE1F00667476 /* ConstTexts.swift in Sources */ = {isa = PBXBuildFile; fileRef = E4E3312228A1AE1F00667476 /* ConstTexts.swift */; };
		E4E3313228A1AE1F00667476 /* ConstTexts.swift in Sources */ = {isa = PBXBuildFile; fileRef = E4E3312228A1AE1F00667476 /* ConstTexts.swift */; };
		E4E3313328A1AE1F00667476 /* ConstTexts.swift in Sources */ = {isa = PBXBuildFile; fileRef = E4E3312228A1AE1F00667476 /* ConstTexts.swift */; };
		E4E3313428A1AE1F00667476 /* contentData.json in Resources */ = {isa = PBXBuildFile; fileRef = E4E3312328A1AE1F00667476 /* contentData.json */; };
		E4E3313528A1AE1F00667476 /* contentData.json in Resources */ = {isa = PBXBuildFile; fileRef = E4E3312328A1AE1F00667476 /* contentData.json */; };
		E4E3313628A1AE1F00667476 /* contentData.json in Resources */ = {isa = PBXBuildFile; fileRef = E4E3312328A1AE1F00667476 /* contentData.json */; };
		E4E3313728A1AE1F00667476 /* contentData.json in Resources */ = {isa = PBXBuildFile; fileRef = E4E3312328A1AE1F00667476 /* contentData.json */; };
/* End PBXBuildFile section */

/* Begin PBXContainerItemProxy section */
		E4368B36289C7EFB00006E36 /* PBXContainerItemProxy */ = {
			isa = PBXContainerItemProxy;
			containerPortal = E4368B1C289C7EF900006E36 /* Project object */;
			proxyType = 1;
			remoteGlobalIDString = E4368B27289C7EFB00006E36;
			remoteInfo = "Jakob Skov Sondergard CV (iOS)";
		};
		E4368B42289C7EFB00006E36 /* PBXContainerItemProxy */ = {
			isa = PBXContainerItemProxy;
			containerPortal = E4368B1C289C7EF900006E36 /* Project object */;
			proxyType = 1;
			remoteGlobalIDString = E4368B2D289C7EFB00006E36;
			remoteInfo = "Jakob Skov Sondergard CV (macOS)";
		};
/* End PBXContainerItemProxy section */

/* Begin PBXFileReference section */
		E4368B21289C7EFA00006E36 /* Jakob_Skov_Sondergard_CVApp.swift */ = {isa = PBXFileReference; lastKnownFileType = sourcecode.swift; path = Jakob_Skov_Sondergard_CVApp.swift; sourceTree = "<group>"; };
		E4368B22289C7EFA00006E36 /* ContentView.swift */ = {isa = PBXFileReference; lastKnownFileType = sourcecode.swift; path = ContentView.swift; sourceTree = "<group>"; };
		E4368B23289C7EFB00006E36 /* Assets.xcassets */ = {isa = PBXFileReference; lastKnownFileType = folder.assetcatalog; path = Assets.xcassets; sourceTree = "<group>"; };
		E4368B28289C7EFB00006E36 /* Jakob Skov Sondergard CV.app */ = {isa = PBXFileReference; explicitFileType = wrapper.application; includeInIndex = 0; path = "Jakob Skov Sondergard CV.app"; sourceTree = BUILT_PRODUCTS_DIR; };
		E4368B2E289C7EFB00006E36 /* Jakob Skov Sondergard CV.app */ = {isa = PBXFileReference; explicitFileType = wrapper.application; includeInIndex = 0; path = "Jakob Skov Sondergard CV.app"; sourceTree = BUILT_PRODUCTS_DIR; };
		E4368B30289C7EFB00006E36 /* macOS.entitlements */ = {isa = PBXFileReference; lastKnownFileType = text.plist.entitlements; path = macOS.entitlements; sourceTree = "<group>"; };
		E4368B35289C7EFB00006E36 /* Tests iOS.xctest */ = {isa = PBXFileReference; explicitFileType = wrapper.cfbundle; includeInIndex = 0; path = "Tests iOS.xctest"; sourceTree = BUILT_PRODUCTS_DIR; };
		E4368B39289C7EFB00006E36 /* Tests_iOS.swift */ = {isa = PBXFileReference; lastKnownFileType = sourcecode.swift; path = Tests_iOS.swift; sourceTree = "<group>"; };
		E4368B3B289C7EFB00006E36 /* Tests_iOSLaunchTests.swift */ = {isa = PBXFileReference; lastKnownFileType = sourcecode.swift; path = Tests_iOSLaunchTests.swift; sourceTree = "<group>"; };
		E4368B41289C7EFB00006E36 /* Tests macOS.xctest */ = {isa = PBXFileReference; explicitFileType = wrapper.cfbundle; includeInIndex = 0; path = "Tests macOS.xctest"; sourceTree = BUILT_PRODUCTS_DIR; };
		E4368B45289C7EFC00006E36 /* Tests_macOS.swift */ = {isa = PBXFileReference; lastKnownFileType = sourcecode.swift; path = Tests_macOS.swift; sourceTree = "<group>"; };
		E4368B47289C7EFC00006E36 /* Tests_macOSLaunchTests.swift */ = {isa = PBXFileReference; lastKnownFileType = sourcecode.swift; path = Tests_macOSLaunchTests.swift; sourceTree = "<group>"; };
		E4368B67289C86E000006E36 /* SimpleInfoView.swift */ = {isa = PBXFileReference; lastKnownFileType = sourcecode.swift; path = SimpleInfoView.swift; sourceTree = "<group>"; };
		E4368B6C289D3F5400006E36 /* Constants.swift */ = {isa = PBXFileReference; lastKnownFileType = sourcecode.swift; path = Constants.swift; sourceTree = "<group>"; };
		E4368B71289D462200006E36 /* FontList.swift */ = {isa = PBXFileReference; lastKnownFileType = sourcecode.swift; path = FontList.swift; sourceTree = "<group>"; };
		E4368B76289D4A2400006E36 /* CVItem.swift */ = {isa = PBXFileReference; lastKnownFileType = sourcecode.swift; path = CVItem.swift; sourceTree = "<group>"; };
		E4368B7B289D55AB00006E36 /* CVSectionView.swift */ = {isa = PBXFileReference; lastKnownFileType = sourcecode.swift; path = CVSectionView.swift; sourceTree = "<group>"; };
		E48135B1289DC48B00B82777 /* Secrets.swift */ = {isa = PBXFileReference; lastKnownFileType = sourcecode.swift; path = Secrets.swift; sourceTree = "<group>"; };
		E48135B6289DC5FC00B82777 /* AboutMeButton.swift */ = {isa = PBXFileReference; lastKnownFileType = sourcecode.swift; path = AboutMeButton.swift; sourceTree = "<group>"; };
		E48135BB289DCBB900B82777 /* JobSectionView.swift */ = {isa = PBXFileReference; lastKnownFileType = sourcecode.swift; path = JobSectionView.swift; sourceTree = "<group>"; };
		E48135C0289DCC8600B82777 /* ContactInfoView.swift */ = {isa = PBXFileReference; lastKnownFileType = sourcecode.swift; path = ContactInfoView.swift; sourceTree = "<group>"; };
		E48135C5289DD14B00B82777 /* AboutMeSectionView.swift */ = {isa = PBXFileReference; lastKnownFileType = sourcecode.swift; path = AboutMeSectionView.swift; sourceTree = "<group>"; };
		E48135CA289DD3ED00B82777 /* TopPresentationView.swift */ = {isa = PBXFileReference; lastKnownFileType = sourcecode.swift; path = TopPresentationView.swift; sourceTree = "<group>"; };
		E498C3AF28A1B1BB00FA870A /* GoogleService-Info.plist */ = {isa = PBXFileReference; fileEncoding = 4; lastKnownFileType = text.plist.xml; path = "GoogleService-Info.plist"; sourceTree = "<group>"; };
		E4C40FC528A28AE20086D137 /* Tests_AuthenticationHandler.swift */ = {isa = PBXFileReference; lastKnownFileType = sourcecode.swift; path = Tests_AuthenticationHandler.swift; sourceTree = "<group>"; };
		E4C91B6028A148AC0072F694 /* AuthenticationHandler.swift */ = {isa = PBXFileReference; lastKnownFileType = sourcecode.swift; path = AuthenticationHandler.swift; sourceTree = "<group>"; };
		E4C91B6528A14A010072F694 /* CVRegistrationAndRetrievalView.swift */ = {isa = PBXFileReference; lastKnownFileType = sourcecode.swift; path = CVRegistrationAndRetrievalView.swift; sourceTree = "<group>"; };
		E4E3310A28A1AE0400667476 /* ProsaCVItemContainerView.swift */ = {isa = PBXFileReference; fileEncoding = 4; lastKnownFileType = sourcecode.swift; path = ProsaCVItemContainerView.swift; sourceTree = "<group>"; };
		E4E3310B28A1AE0400667476 /* ProsaCVContentView.swift */ = {isa = PBXFileReference; fileEncoding = 4; lastKnownFileType = sourcecode.swift; path = ProsaCVContentView.swift; sourceTree = "<group>"; };
		E4E3310C28A1AE0400667476 /* TitleView.swift */ = {isa = PBXFileReference; fileEncoding = 4; lastKnownFileType = sourcecode.swift; path = TitleView.swift; sourceTree = "<group>"; };
		E4E3310D28A1AE0400667476 /* ProsaContactView.swift */ = {isa = PBXFileReference; fileEncoding = 4; lastKnownFileType = sourcecode.swift; path = ProsaContactView.swift; sourceTree = "<group>"; };
		E4E3312028A1AE1F00667476 /* Address.swift */ = {isa = PBXFileReference; fileEncoding = 4; lastKnownFileType = sourcecode.swift; path = Address.swift; sourceTree = "<group>"; };
		E4E3312128A1AE1F00667476 /* ConstTextsObserved.swift */ = {isa = PBXFileReference; fileEncoding = 4; lastKnownFileType = sourcecode.swift; path = ConstTextsObserved.swift; sourceTree = "<group>"; };
		E4E3312228A1AE1F00667476 /* ConstTexts.swift */ = {isa = PBXFileReference; fileEncoding = 4; lastKnownFileType = sourcecode.swift; path = ConstTexts.swift; sourceTree = "<group>"; };
		E4E3312328A1AE1F00667476 /* contentData.json */ = {isa = PBXFileReference; fileEncoding = 4; lastKnownFileType = text.json; path = contentData.json; sourceTree = "<group>"; };
/* End PBXFileReference section */

/* Begin PBXFrameworksBuildPhase section */
		E4368B25289C7EFB00006E36 /* Frameworks */ = {
			isa = PBXFrameworksBuildPhase;
			buildActionMask = 2147483647;
			files = (
				E41E187D28A02FE800FF4DC6 /* FirebaseAnalyticsSwift in Frameworks */,
				E41E187F28A02FE800FF4DC6 /* FirebaseAuth in Frameworks */,
				E41E188128A02FE800FF4DC6 /* FirebaseFirestoreSwift in Frameworks */,
			);
			runOnlyForDeploymentPostprocessing = 0;
		};
		E4368B2B289C7EFB00006E36 /* Frameworks */ = {
			isa = PBXFrameworksBuildPhase;
			buildActionMask = 2147483647;
			files = (
				E4C91B4928A108E90072F694 /* FirebaseAnalyticsSwift in Frameworks */,
				E4C91B4B28A108E90072F694 /* FirebaseAuth in Frameworks */,
				E4C91B4D28A108E90072F694 /* FirebaseFirestoreSwift in Frameworks */,
			);
			runOnlyForDeploymentPostprocessing = 0;
		};
		E4368B32289C7EFB00006E36 /* Frameworks */ = {
			isa = PBXFrameworksBuildPhase;
			buildActionMask = 2147483647;
			files = (
				E4C91B5528A12EE90072F694 /* FirebaseAuth in Frameworks */,
				E4C91B5728A12EE90072F694 /* FirebaseFirestoreSwift in Frameworks */,
			);
			runOnlyForDeploymentPostprocessing = 0;
		};
		E4368B3E289C7EFB00006E36 /* Frameworks */ = {
			isa = PBXFrameworksBuildPhase;
			buildActionMask = 2147483647;
			files = (
				E4C91B5028A12BE70072F694 /* FirebaseAuth in Frameworks */,
				E4C91B5228A12BE70072F694 /* FirebaseFirestoreSwift in Frameworks */,
			);
			runOnlyForDeploymentPostprocessing = 0;
		};
/* End PBXFrameworksBuildPhase section */

/* Begin PBXGroup section */
		E4368B1B289C7EF900006E36 = {
			isa = PBXGroup;
			children = (
				E4368B20289C7EFA00006E36 /* Shared */,
				E4368B2F289C7EFB00006E36 /* macOS */,
				E4368B38289C7EFB00006E36 /* Tests iOS */,
				E4368B44289C7EFB00006E36 /* Tests macOS */,
				E498C3AF28A1B1BB00FA870A /* GoogleService-Info.plist */,
				E4368B29289C7EFB00006E36 /* Products */,
			);
			sourceTree = "<group>";
		};
		E4368B20289C7EFA00006E36 /* Shared */ = {
			isa = PBXGroup;
			children = (
				E48135B0289DC3B500B82777 /* Controllers */,
				E48135AE289DC33D00B82777 /* Views */,
				E48135AF289DC35D00B82777 /* Models */,
				E4368B23289C7EFB00006E36 /* Assets.xcassets */,
				E4368B6C289D3F5400006E36 /* Constants.swift */,
				E48135B1289DC48B00B82777 /* Secrets.swift */,
			);
			path = Shared;
			sourceTree = "<group>";
		};
		E4368B29289C7EFB00006E36 /* Products */ = {
			isa = PBXGroup;
			children = (
				E4368B28289C7EFB00006E36 /* Jakob Skov Sondergard CV.app */,
				E4368B2E289C7EFB00006E36 /* Jakob Skov Sondergard CV.app */,
				E4368B35289C7EFB00006E36 /* Tests iOS.xctest */,
				E4368B41289C7EFB00006E36 /* Tests macOS.xctest */,
			);
			name = Products;
			sourceTree = "<group>";
		};
		E4368B2F289C7EFB00006E36 /* macOS */ = {
			isa = PBXGroup;
			children = (
				E4368B30289C7EFB00006E36 /* macOS.entitlements */,
			);
			path = macOS;
			sourceTree = "<group>";
		};
		E4368B38289C7EFB00006E36 /* Tests iOS */ = {
			isa = PBXGroup;
			children = (
				E4368B39289C7EFB00006E36 /* Tests_iOS.swift */,
				E4368B3B289C7EFB00006E36 /* Tests_iOSLaunchTests.swift */,
				E4C40FC528A28AE20086D137 /* Tests_AuthenticationHandler.swift */,
			);
			path = "Tests iOS";
			sourceTree = "<group>";
		};
		E4368B44289C7EFB00006E36 /* Tests macOS */ = {
			isa = PBXGroup;
			children = (
				E4368B45289C7EFC00006E36 /* Tests_macOS.swift */,
				E4368B47289C7EFC00006E36 /* Tests_macOSLaunchTests.swift */,
			);
			path = "Tests macOS";
			sourceTree = "<group>";
		};
		E48135AE289DC33D00B82777 /* Views */ = {
			isa = PBXGroup;
			children = (
				E4368B22289C7EFA00006E36 /* ContentView.swift */,
				E4368B7B289D55AB00006E36 /* CVSectionView.swift */,
				E48135CA289DD3ED00B82777 /* TopPresentationView.swift */,
				E48135B6289DC5FC00B82777 /* AboutMeButton.swift */,
				E48135C5289DD14B00B82777 /* AboutMeSectionView.swift */,
				E4368B67289C86E000006E36 /* SimpleInfoView.swift */,
				E48135BB289DCBB900B82777 /* JobSectionView.swift */,
				E48135C0289DCC8600B82777 /* ContactInfoView.swift */,
				E4C91B6528A14A010072F694 /* CVRegistrationAndRetrievalView.swift */,
				E4E3310B28A1AE0400667476 /* ProsaCVContentView.swift */,
				E4E3310D28A1AE0400667476 /* ProsaContactView.swift */,
				E4E3310A28A1AE0400667476 /* ProsaCVItemContainerView.swift */,
				E4E3310C28A1AE0400667476 /* TitleView.swift */,
				E4368B71289D462200006E36 /* FontList.swift */,
			);
			path = Views;
			sourceTree = "<group>";
		};
		E48135AF289DC35D00B82777 /* Models */ = {
			isa = PBXGroup;
			children = (
				E4E3312028A1AE1F00667476 /* Address.swift */,
				E4E3312128A1AE1F00667476 /* ConstTextsObserved.swift */,
				E4E3312228A1AE1F00667476 /* ConstTexts.swift */,
				E4E3312328A1AE1F00667476 /* contentData.json */,
				E4368B76289D4A2400006E36 /* CVItem.swift */,
			);
			path = Models;
			sourceTree = "<group>";
		};
		E48135B0289DC3B500B82777 /* Controllers */ = {
			isa = PBXGroup;
			children = (
				E4368B21289C7EFA00006E36 /* Jakob_Skov_Sondergard_CVApp.swift */,
				E4C91B6028A148AC0072F694 /* AuthenticationHandler.swift */,
			);
			path = Controllers;
			sourceTree = "<group>";
		};
/* End PBXGroup section */

/* Begin PBXNativeTarget section */
		E4368B27289C7EFB00006E36 /* Jakob Skov Sondergard CV (iOS) */ = {
			isa = PBXNativeTarget;
			buildConfigurationList = E4368B51289C7EFC00006E36 /* Build configuration list for PBXNativeTarget "Jakob Skov Sondergard CV (iOS)" */;
			buildPhases = (
				E4368B24289C7EFB00006E36 /* Sources */,
				E4368B25289C7EFB00006E36 /* Frameworks */,
				E4368B26289C7EFB00006E36 /* Resources */,
			);
			buildRules = (
			);
			dependencies = (
			);
			name = "Jakob Skov Sondergard CV (iOS)";
			packageProductDependencies = (
				E41E187C28A02FE800FF4DC6 /* FirebaseAnalyticsSwift */,
				E41E187E28A02FE800FF4DC6 /* FirebaseAuth */,
				E41E188028A02FE800FF4DC6 /* FirebaseFirestoreSwift */,
			);
			productName = "Jakob Skov Sondergard CV (iOS)";
			productReference = E4368B28289C7EFB00006E36 /* Jakob Skov Sondergard CV.app */;
			productType = "com.apple.product-type.application";
		};
		E4368B2D289C7EFB00006E36 /* Jakob Skov Sondergard CV (macOS) */ = {
			isa = PBXNativeTarget;
			buildConfigurationList = E4368B54289C7EFC00006E36 /* Build configuration list for PBXNativeTarget "Jakob Skov Sondergard CV (macOS)" */;
			buildPhases = (
				E4368B2A289C7EFB00006E36 /* Sources */,
				E4368B2B289C7EFB00006E36 /* Frameworks */,
				E4368B2C289C7EFB00006E36 /* Resources */,
			);
			buildRules = (
			);
			dependencies = (
			);
			name = "Jakob Skov Sondergard CV (macOS)";
			packageProductDependencies = (
				E4C91B4828A108E90072F694 /* FirebaseAnalyticsSwift */,
				E4C91B4A28A108E90072F694 /* FirebaseAuth */,
				E4C91B4C28A108E90072F694 /* FirebaseFirestoreSwift */,
			);
			productName = "Jakob Skov Sondergard CV (macOS)";
			productReference = E4368B2E289C7EFB00006E36 /* Jakob Skov Sondergard CV.app */;
			productType = "com.apple.product-type.application";
		};
		E4368B34289C7EFB00006E36 /* Tests iOS */ = {
			isa = PBXNativeTarget;
			buildConfigurationList = E4368B57289C7EFC00006E36 /* Build configuration list for PBXNativeTarget "Tests iOS" */;
			buildPhases = (
				E4368B31289C7EFB00006E36 /* Sources */,
				E4368B32289C7EFB00006E36 /* Frameworks */,
				E4368B33289C7EFB00006E36 /* Resources */,
			);
			buildRules = (
			);
			dependencies = (
				E4368B37289C7EFB00006E36 /* PBXTargetDependency */,
			);
			name = "Tests iOS";
			packageProductDependencies = (
				E4C91B5428A12EE90072F694 /* FirebaseAuth */,
				E4C91B5628A12EE90072F694 /* FirebaseFirestoreSwift */,
			);
			productName = "Tests iOS";
			productReference = E4368B35289C7EFB00006E36 /* Tests iOS.xctest */;
			productType = "com.apple.product-type.bundle.ui-testing";
		};
		E4368B40289C7EFB00006E36 /* Tests macOS */ = {
			isa = PBXNativeTarget;
			buildConfigurationList = E4368B5A289C7EFC00006E36 /* Build configuration list for PBXNativeTarget "Tests macOS" */;
			buildPhases = (
				E4368B3D289C7EFB00006E36 /* Sources */,
				E4368B3E289C7EFB00006E36 /* Frameworks */,
				E4368B3F289C7EFB00006E36 /* Resources */,
			);
			buildRules = (
			);
			dependencies = (
				E4368B43289C7EFB00006E36 /* PBXTargetDependency */,
			);
			name = "Tests macOS";
			packageProductDependencies = (
				E4C91B4F28A12BE70072F694 /* FirebaseAuth */,
				E4C91B5128A12BE70072F694 /* FirebaseFirestoreSwift */,
			);
			productName = "Tests macOS";
			productReference = E4368B41289C7EFB00006E36 /* Tests macOS.xctest */;
			productType = "com.apple.product-type.bundle.ui-testing";
		};
/* End PBXNativeTarget section */

/* Begin PBXProject section */
		E4368B1C289C7EF900006E36 /* Project object */ = {
			isa = PBXProject;
			attributes = {
				BuildIndependentTargetsInParallel = 1;
				LastSwiftUpdateCheck = 1340;
				LastUpgradeCheck = 1400;
				TargetAttributes = {
					E4368B27289C7EFB00006E36 = {
						CreatedOnToolsVersion = 13.4.1;
					};
					E4368B2D289C7EFB00006E36 = {
						CreatedOnToolsVersion = 13.4.1;
					};
					E4368B34289C7EFB00006E36 = {
						CreatedOnToolsVersion = 13.4.1;
						TestTargetID = E4368B27289C7EFB00006E36;
					};
					E4368B40289C7EFB00006E36 = {
						CreatedOnToolsVersion = 13.4.1;
						TestTargetID = E4368B2D289C7EFB00006E36;
					};
				};
			};
			buildConfigurationList = E4368B1F289C7EF900006E36 /* Build configuration list for PBXProject "Jakob Skov Sondergard CV" */;
			compatibilityVersion = "Xcode 13.0";
			developmentRegion = en;
			hasScannedForEncodings = 0;
			knownRegions = (
				en,
				Base,
			);
			mainGroup = E4368B1B289C7EF900006E36;
			packageReferences = (
				E41E187B28A02FE800FF4DC6 /* XCRemoteSwiftPackageReference "firebase-ios-sdk" */,
				E4C91B4728A108E90072F694 /* XCRemoteSwiftPackageReference "firebase-ios-sdk" */,
				E4C91B4E28A12BE70072F694 /* XCRemoteSwiftPackageReference "firebase-ios-sdk" */,
				E4C91B5328A12EE90072F694 /* XCRemoteSwiftPackageReference "firebase-ios-sdk" */,
			);
			productRefGroup = E4368B29289C7EFB00006E36 /* Products */;
			projectDirPath = "";
			projectRoot = "";
			targets = (
				E4368B27289C7EFB00006E36 /* Jakob Skov Sondergard CV (iOS) */,
				E4368B2D289C7EFB00006E36 /* Jakob Skov Sondergard CV (macOS) */,
				E4368B34289C7EFB00006E36 /* Tests iOS */,
				E4368B40289C7EFB00006E36 /* Tests macOS */,
			);
		};
/* End PBXProject section */

/* Begin PBXResourcesBuildPhase section */
		E4368B26289C7EFB00006E36 /* Resources */ = {
			isa = PBXResourcesBuildPhase;
			buildActionMask = 2147483647;
			files = (
				E498C3B028A1B1BB00FA870A /* GoogleService-Info.plist in Resources */,
				E4368B4D289C7EFC00006E36 /* Assets.xcassets in Resources */,
				E4E3313428A1AE1F00667476 /* contentData.json in Resources */,
			);
			runOnlyForDeploymentPostprocessing = 0;
		};
		E4368B2C289C7EFB00006E36 /* Resources */ = {
			isa = PBXResourcesBuildPhase;
			buildActionMask = 2147483647;
			files = (
				E498C3B128A1B1BB00FA870A /* GoogleService-Info.plist in Resources */,
				E4368B4E289C7EFC00006E36 /* Assets.xcassets in Resources */,
				E4E3313528A1AE1F00667476 /* contentData.json in Resources */,
			);
			runOnlyForDeploymentPostprocessing = 0;
		};
		E4368B33289C7EFB00006E36 /* Resources */ = {
			isa = PBXResourcesBuildPhase;
			buildActionMask = 2147483647;
			files = (
				E498C3B228A1B1BB00FA870A /* GoogleService-Info.plist in Resources */,
				E4E3313628A1AE1F00667476 /* contentData.json in Resources */,
			);
			runOnlyForDeploymentPostprocessing = 0;
		};
		E4368B3F289C7EFB00006E36 /* Resources */ = {
			isa = PBXResourcesBuildPhase;
			buildActionMask = 2147483647;
			files = (
				E498C3B328A1B1BB00FA870A /* GoogleService-Info.plist in Resources */,
				E4E3313728A1AE1F00667476 /* contentData.json in Resources */,
			);
			runOnlyForDeploymentPostprocessing = 0;
		};
/* End PBXResourcesBuildPhase section */

/* Begin PBXSourcesBuildPhase section */
		E4368B24289C7EFB00006E36 /* Sources */ = {
			isa = PBXSourcesBuildPhase;
			buildActionMask = 2147483647;
			files = (
				E48135C6289DD14B00B82777 /* AboutMeSectionView.swift in Sources */,
				E4368B4B289C7EFC00006E36 /* ContentView.swift in Sources */,
				E4E3310E28A1AE0400667476 /* ProsaCVItemContainerView.swift in Sources */,
				E4E3312C28A1AE1F00667476 /* ConstTextsObserved.swift in Sources */,
				E48135CB289DD3ED00B82777 /* TopPresentationView.swift in Sources */,
				E48135B2289DC48B00B82777 /* Secrets.swift in Sources */,
				E4E3311A28A1AE0400667476 /* ProsaContactView.swift in Sources */,
				E4C91B6128A148AC0072F694 /* AuthenticationHandler.swift in Sources */,
				E4368B77289D4A2400006E36 /* CVItem.swift in Sources */,
				E4E3313028A1AE1F00667476 /* ConstTexts.swift in Sources */,
				E4E3311228A1AE0400667476 /* ProsaCVContentView.swift in Sources */,
				E4368B68289C86E000006E36 /* SimpleInfoView.swift in Sources */,
				E4368B7C289D55AB00006E36 /* CVSectionView.swift in Sources */,
				E4368B72289D462200006E36 /* FontList.swift in Sources */,
				E48135BC289DCBB900B82777 /* JobSectionView.swift in Sources */,
				E4368B49289C7EFC00006E36 /* Jakob_Skov_Sondergard_CVApp.swift in Sources */,
				E4E3311628A1AE0400667476 /* TitleView.swift in Sources */,
				E4368B6D289D3F5400006E36 /* Constants.swift in Sources */,
				E48135B7289DC5FC00B82777 /* AboutMeButton.swift in Sources */,
				E48135C1289DCC8600B82777 /* ContactInfoView.swift in Sources */,
				E4E3312828A1AE1F00667476 /* Address.swift in Sources */,
				E4C91B6628A14A010072F694 /* CVRegistrationAndRetrievalView.swift in Sources */,
			);
			runOnlyForDeploymentPostprocessing = 0;
		};
		E4368B2A289C7EFB00006E36 /* Sources */ = {
			isa = PBXSourcesBuildPhase;
			buildActionMask = 2147483647;
			files = (
				E48135C7289DD14B00B82777 /* AboutMeSectionView.swift in Sources */,
				E4368B4C289C7EFC00006E36 /* ContentView.swift in Sources */,
				E4E3310F28A1AE0400667476 /* ProsaCVItemContainerView.swift in Sources */,
				E4E3312D28A1AE1F00667476 /* ConstTextsObserved.swift in Sources */,
				E48135CC289DD3ED00B82777 /* TopPresentationView.swift in Sources */,
				E48135B3289DC48B00B82777 /* Secrets.swift in Sources */,
				E4E3311B28A1AE0400667476 /* ProsaContactView.swift in Sources */,
				E4C91B6228A148AC0072F694 /* AuthenticationHandler.swift in Sources */,
				E4368B78289D4A2400006E36 /* CVItem.swift in Sources */,
				E4E3313128A1AE1F00667476 /* ConstTexts.swift in Sources */,
				E4E3311328A1AE0400667476 /* ProsaCVContentView.swift in Sources */,
				E4C91B6728A14A010072F694 /* CVRegistrationAndRetrievalView.swift in Sources */,
				E4368B69289C86E000006E36 /* SimpleInfoView.swift in Sources */,
				E4368B7D289D55AB00006E36 /* CVSectionView.swift in Sources */,
				E4368B73289D462200006E36 /* FontList.swift in Sources */,
				E48135BD289DCBB900B82777 /* JobSectionView.swift in Sources */,
				E4E3311728A1AE0400667476 /* TitleView.swift in Sources */,
				E4368B4A289C7EFC00006E36 /* Jakob_Skov_Sondergard_CVApp.swift in Sources */,
				E4368B6E289D3F5400006E36 /* Constants.swift in Sources */,
				E48135B8289DC5FC00B82777 /* AboutMeButton.swift in Sources */,
				E4E3312928A1AE1F00667476 /* Address.swift in Sources */,
				E48135C2289DCC8600B82777 /* ContactInfoView.swift in Sources */,
			);
			runOnlyForDeploymentPostprocessing = 0;
		};
		E4368B31289C7EFB00006E36 /* Sources */ = {
			isa = PBXSourcesBuildPhase;
			buildActionMask = 2147483647;
			files = (
				E4C40FC628A28AE20086D137 /* Tests_AuthenticationHandler.swift in Sources */,
				E48135C8289DD14B00B82777 /* AboutMeSectionView.swift in Sources */,
				E4368B3C289C7EFB00006E36 /* Tests_iOSLaunchTests.swift in Sources */,
				E4E3311028A1AE0400667476 /* ProsaCVItemContainerView.swift in Sources */,
				E4E3312E28A1AE1F00667476 /* ConstTextsObserved.swift in Sources */,
				E48135CD289DD3ED00B82777 /* TopPresentationView.swift in Sources */,
				E48135B4289DC48B00B82777 /* Secrets.swift in Sources */,
				E4E3311C28A1AE0400667476 /* ProsaContactView.swift in Sources */,
				E4C91B6328A148AC0072F694 /* AuthenticationHandler.swift in Sources */,
				E4368B79289D4A2400006E36 /* CVItem.swift in Sources */,
				E4E3313228A1AE1F00667476 /* ConstTexts.swift in Sources */,
				E4E3311428A1AE0400667476 /* ProsaCVContentView.swift in Sources */,
				E4C91B6828A14A010072F694 /* CVRegistrationAndRetrievalView.swift in Sources */,
				E4368B6A289C86E000006E36 /* SimpleInfoView.swift in Sources */,
				E4368B7E289D55AB00006E36 /* CVSectionView.swift in Sources */,
				E4368B74289D462200006E36 /* FontList.swift in Sources */,
				E48135BE289DCBB900B82777 /* JobSectionView.swift in Sources */,
				E4E3311828A1AE0400667476 /* TitleView.swift in Sources */,
				E4368B3A289C7EFB00006E36 /* Tests_iOS.swift in Sources */,
				E4368B6F289D3F5400006E36 /* Constants.swift in Sources */,
				E48135B9289DC5FC00B82777 /* AboutMeButton.swift in Sources */,
				E4E3312A28A1AE1F00667476 /* Address.swift in Sources */,
				E48135C3289DCC8600B82777 /* ContactInfoView.swift in Sources */,
			);
			runOnlyForDeploymentPostprocessing = 0;
		};
		E4368B3D289C7EFB00006E36 /* Sources */ = {
			isa = PBXSourcesBuildPhase;
			buildActionMask = 2147483647;
			files = (
				E4C40FC728A28AE20086D137 /* Tests_AuthenticationHandler.swift in Sources */,
				E48135C9289DD14B00B82777 /* AboutMeSectionView.swift in Sources */,
				E4368B48289C7EFC00006E36 /* Tests_macOSLaunchTests.swift in Sources */,
				E4E3311128A1AE0400667476 /* ProsaCVItemContainerView.swift in Sources */,
				E4E3312F28A1AE1F00667476 /* ConstTextsObserved.swift in Sources */,
				E48135CE289DD3ED00B82777 /* TopPresentationView.swift in Sources */,
				E48135B5289DC48B00B82777 /* Secrets.swift in Sources */,
				E4E3311D28A1AE0400667476 /* ProsaContactView.swift in Sources */,
				E4C91B6428A148AC0072F694 /* AuthenticationHandler.swift in Sources */,
				E4368B7A289D4A2400006E36 /* CVItem.swift in Sources */,
				E4E3313328A1AE1F00667476 /* ConstTexts.swift in Sources */,
				E4E3311528A1AE0400667476 /* ProsaCVContentView.swift in Sources */,
				E4C91B6928A14A010072F694 /* CVRegistrationAndRetrievalView.swift in Sources */,
				E4368B6B289C86E000006E36 /* SimpleInfoView.swift in Sources */,
				E4368B7F289D55AB00006E36 /* CVSectionView.swift in Sources */,
				E4368B75289D462200006E36 /* FontList.swift in Sources */,
				E48135BF289DCBB900B82777 /* JobSectionView.swift in Sources */,
				E4E3311928A1AE0400667476 /* TitleView.swift in Sources */,
				E4368B46289C7EFC00006E36 /* Tests_macOS.swift in Sources */,
				E4368B70289D3F5400006E36 /* Constants.swift in Sources */,
				E48135BA289DC5FC00B82777 /* AboutMeButton.swift in Sources */,
				E4E3312B28A1AE1F00667476 /* Address.swift in Sources */,
				E48135C4289DCC8600B82777 /* ContactInfoView.swift in Sources */,
			);
			runOnlyForDeploymentPostprocessing = 0;
		};
/* End PBXSourcesBuildPhase section */

/* Begin PBXTargetDependency section */
		E4368B37289C7EFB00006E36 /* PBXTargetDependency */ = {
			isa = PBXTargetDependency;
			target = E4368B27289C7EFB00006E36 /* Jakob Skov Sondergard CV (iOS) */;
			targetProxy = E4368B36289C7EFB00006E36 /* PBXContainerItemProxy */;
		};
		E4368B43289C7EFB00006E36 /* PBXTargetDependency */ = {
			isa = PBXTargetDependency;
			target = E4368B2D289C7EFB00006E36 /* Jakob Skov Sondergard CV (macOS) */;
			targetProxy = E4368B42289C7EFB00006E36 /* PBXContainerItemProxy */;
		};
/* End PBXTargetDependency section */

/* Begin XCBuildConfiguration section */
		E4368B4F289C7EFC00006E36 /* Debug */ = {
			isa = XCBuildConfiguration;
			buildSettings = {
				ALWAYS_SEARCH_USER_PATHS = NO;
				CLANG_ANALYZER_NONNULL = YES;
				CLANG_ANALYZER_NUMBER_OBJECT_CONVERSION = YES_AGGRESSIVE;
				CLANG_CXX_LANGUAGE_STANDARD = "gnu++17";
				CLANG_ENABLE_MODULES = YES;
				CLANG_ENABLE_OBJC_ARC = YES;
				CLANG_ENABLE_OBJC_WEAK = YES;
				CLANG_WARN_BLOCK_CAPTURE_AUTORELEASING = YES;
				CLANG_WARN_BOOL_CONVERSION = YES;
				CLANG_WARN_COMMA = YES;
				CLANG_WARN_CONSTANT_CONVERSION = YES;
				CLANG_WARN_DEPRECATED_OBJC_IMPLEMENTATIONS = YES;
				CLANG_WARN_DIRECT_OBJC_ISA_USAGE = YES_ERROR;
				CLANG_WARN_DOCUMENTATION_COMMENTS = YES;
				CLANG_WARN_EMPTY_BODY = YES;
				CLANG_WARN_ENUM_CONVERSION = YES;
				CLANG_WARN_INFINITE_RECURSION = YES;
				CLANG_WARN_INT_CONVERSION = YES;
				CLANG_WARN_NON_LITERAL_NULL_CONVERSION = YES;
				CLANG_WARN_OBJC_IMPLICIT_RETAIN_SELF = YES;
				CLANG_WARN_OBJC_LITERAL_CONVERSION = YES;
				CLANG_WARN_OBJC_ROOT_CLASS = YES_ERROR;
				CLANG_WARN_QUOTED_INCLUDE_IN_FRAMEWORK_HEADER = YES;
				CLANG_WARN_RANGE_LOOP_ANALYSIS = YES;
				CLANG_WARN_STRICT_PROTOTYPES = YES;
				CLANG_WARN_SUSPICIOUS_MOVE = YES;
				CLANG_WARN_UNGUARDED_AVAILABILITY = YES_AGGRESSIVE;
				CLANG_WARN_UNREACHABLE_CODE = YES;
				CLANG_WARN__DUPLICATE_METHOD_MATCH = YES;
				COPY_PHASE_STRIP = NO;
				DEAD_CODE_STRIPPING = YES;
				DEBUG_INFORMATION_FORMAT = dwarf;
				ENABLE_STRICT_OBJC_MSGSEND = YES;
				ENABLE_TESTABILITY = YES;
				GCC_C_LANGUAGE_STANDARD = gnu11;
				GCC_DYNAMIC_NO_PIC = NO;
				GCC_NO_COMMON_BLOCKS = YES;
				GCC_OPTIMIZATION_LEVEL = 0;
				GCC_PREPROCESSOR_DEFINITIONS = (
					"DEBUG=1",
					"$(inherited)",
				);
				GCC_WARN_64_TO_32_BIT_CONVERSION = YES;
				GCC_WARN_ABOUT_RETURN_TYPE = YES_ERROR;
				GCC_WARN_UNDECLARED_SELECTOR = YES;
				GCC_WARN_UNINITIALIZED_AUTOS = YES_AGGRESSIVE;
				GCC_WARN_UNUSED_FUNCTION = YES;
				GCC_WARN_UNUSED_VARIABLE = YES;
				IPHONEOS_DEPLOYMENT_TARGET = 15.0;
				MACOSX_DEPLOYMENT_TARGET = 13.0;
				MTL_ENABLE_DEBUG_INFO = INCLUDE_SOURCE;
				MTL_FAST_MATH = YES;
				ONLY_ACTIVE_ARCH = YES;
				SWIFT_ACTIVE_COMPILATION_CONDITIONS = DEBUG;
				SWIFT_OPTIMIZATION_LEVEL = "-Onone";
			};
			name = Debug;
		};
		E4368B50289C7EFC00006E36 /* Release */ = {
			isa = XCBuildConfiguration;
			buildSettings = {
				ALWAYS_SEARCH_USER_PATHS = NO;
				CLANG_ANALYZER_NONNULL = YES;
				CLANG_ANALYZER_NUMBER_OBJECT_CONVERSION = YES_AGGRESSIVE;
				CLANG_CXX_LANGUAGE_STANDARD = "gnu++17";
				CLANG_ENABLE_MODULES = YES;
				CLANG_ENABLE_OBJC_ARC = YES;
				CLANG_ENABLE_OBJC_WEAK = YES;
				CLANG_WARN_BLOCK_CAPTURE_AUTORELEASING = YES;
				CLANG_WARN_BOOL_CONVERSION = YES;
				CLANG_WARN_COMMA = YES;
				CLANG_WARN_CONSTANT_CONVERSION = YES;
				CLANG_WARN_DEPRECATED_OBJC_IMPLEMENTATIONS = YES;
				CLANG_WARN_DIRECT_OBJC_ISA_USAGE = YES_ERROR;
				CLANG_WARN_DOCUMENTATION_COMMENTS = YES;
				CLANG_WARN_EMPTY_BODY = YES;
				CLANG_WARN_ENUM_CONVERSION = YES;
				CLANG_WARN_INFINITE_RECURSION = YES;
				CLANG_WARN_INT_CONVERSION = YES;
				CLANG_WARN_NON_LITERAL_NULL_CONVERSION = YES;
				CLANG_WARN_OBJC_IMPLICIT_RETAIN_SELF = YES;
				CLANG_WARN_OBJC_LITERAL_CONVERSION = YES;
				CLANG_WARN_OBJC_ROOT_CLASS = YES_ERROR;
				CLANG_WARN_QUOTED_INCLUDE_IN_FRAMEWORK_HEADER = YES;
				CLANG_WARN_RANGE_LOOP_ANALYSIS = YES;
				CLANG_WARN_STRICT_PROTOTYPES = YES;
				CLANG_WARN_SUSPICIOUS_MOVE = YES;
				CLANG_WARN_UNGUARDED_AVAILABILITY = YES_AGGRESSIVE;
				CLANG_WARN_UNREACHABLE_CODE = YES;
				CLANG_WARN__DUPLICATE_METHOD_MATCH = YES;
				COPY_PHASE_STRIP = NO;
				DEAD_CODE_STRIPPING = YES;
				DEBUG_INFORMATION_FORMAT = "dwarf-with-dsym";
				ENABLE_NS_ASSERTIONS = NO;
				ENABLE_STRICT_OBJC_MSGSEND = YES;
				GCC_C_LANGUAGE_STANDARD = gnu11;
				GCC_NO_COMMON_BLOCKS = YES;
				GCC_WARN_64_TO_32_BIT_CONVERSION = YES;
				GCC_WARN_ABOUT_RETURN_TYPE = YES_ERROR;
				GCC_WARN_UNDECLARED_SELECTOR = YES;
				GCC_WARN_UNINITIALIZED_AUTOS = YES_AGGRESSIVE;
				GCC_WARN_UNUSED_FUNCTION = YES;
				GCC_WARN_UNUSED_VARIABLE = YES;
				IPHONEOS_DEPLOYMENT_TARGET = 15.0;
				MACOSX_DEPLOYMENT_TARGET = 13.0;
				MTL_ENABLE_DEBUG_INFO = NO;
				MTL_FAST_MATH = YES;
				SWIFT_COMPILATION_MODE = wholemodule;
				SWIFT_OPTIMIZATION_LEVEL = "-O";
			};
			name = Release;
		};
		E4368B52289C7EFC00006E36 /* Debug */ = {
			isa = XCBuildConfiguration;
			buildSettings = {
				ASSETCATALOG_COMPILER_APPICON_NAME = AppIcon;
				ASSETCATALOG_COMPILER_GLOBAL_ACCENT_COLOR_NAME = AccentColor;
				ASSETCATALOG_COMPILER_INCLUDE_ALL_APPICON_ASSETS = YES;
				CODE_SIGN_STYLE = Automatic;
				CURRENT_PROJECT_VERSION = 3;
				DEVELOPMENT_TEAM = LW5S74625G;
				ENABLE_PREVIEWS = YES;
				GENERATE_INFOPLIST_FILE = YES;
				INFOPLIST_KEY_LSApplicationCategoryType = "public.app-category.business";
				INFOPLIST_KEY_UIApplicationSceneManifest_Generation = YES;
				INFOPLIST_KEY_UIApplicationSupportsIndirectInputEvents = YES;
				INFOPLIST_KEY_UILaunchScreen_Generation = YES;
				INFOPLIST_KEY_UISupportedInterfaceOrientations = "UIInterfaceOrientationPortrait UIInterfaceOrientationPortraitUpsideDown UIInterfaceOrientationLandscapeLeft UIInterfaceOrientationLandscapeRight";
				INFOPLIST_KEY_UISupportedInterfaceOrientations_iPad = "UIInterfaceOrientationPortrait UIInterfaceOrientationPortraitUpsideDown UIInterfaceOrientationLandscapeLeft UIInterfaceOrientationLandscapeRight";
				INFOPLIST_KEY_UISupportedInterfaceOrientations_iPhone = "UIInterfaceOrientationPortrait UIInterfaceOrientationLandscapeLeft UIInterfaceOrientationLandscapeRight";
				IPHONEOS_DEPLOYMENT_TARGET = 15.5;
				LD_RUNPATH_SEARCH_PATHS = (
					"$(inherited)",
					"@executable_path/Frameworks",
				);
				MARKETING_VERSION = 1.0;
				PRODUCT_BUNDLE_IDENTIFIER = "dk.saxjax.Jakob-Skov-Sondergard-CV";
				PRODUCT_NAME = "Jakob Skov Sondergard CV";
				SDKROOT = iphoneos;
				SWIFT_EMIT_LOC_STRINGS = YES;
				SWIFT_VERSION = 5.0;
				TARGETED_DEVICE_FAMILY = "1,2";
			};
			name = Debug;
		};
		E4368B53289C7EFC00006E36 /* Release */ = {
			isa = XCBuildConfiguration;
			buildSettings = {
				ASSETCATALOG_COMPILER_APPICON_NAME = AppIcon;
				ASSETCATALOG_COMPILER_GLOBAL_ACCENT_COLOR_NAME = AccentColor;
				ASSETCATALOG_COMPILER_INCLUDE_ALL_APPICON_ASSETS = YES;
				CODE_SIGN_STYLE = Automatic;
				CURRENT_PROJECT_VERSION = 3;
				DEVELOPMENT_TEAM = LW5S74625G;
				ENABLE_PREVIEWS = YES;
				GENERATE_INFOPLIST_FILE = YES;
				INFOPLIST_KEY_LSApplicationCategoryType = "public.app-category.business";
				INFOPLIST_KEY_UIApplicationSceneManifest_Generation = YES;
				INFOPLIST_KEY_UIApplicationSupportsIndirectInputEvents = YES;
				INFOPLIST_KEY_UILaunchScreen_Generation = YES;
				INFOPLIST_KEY_UISupportedInterfaceOrientations = "UIInterfaceOrientationPortrait UIInterfaceOrientationPortraitUpsideDown UIInterfaceOrientationLandscapeLeft UIInterfaceOrientationLandscapeRight";
				INFOPLIST_KEY_UISupportedInterfaceOrientations_iPad = "UIInterfaceOrientationPortrait UIInterfaceOrientationPortraitUpsideDown UIInterfaceOrientationLandscapeLeft UIInterfaceOrientationLandscapeRight";
				INFOPLIST_KEY_UISupportedInterfaceOrientations_iPhone = "UIInterfaceOrientationPortrait UIInterfaceOrientationLandscapeLeft UIInterfaceOrientationLandscapeRight";
				IPHONEOS_DEPLOYMENT_TARGET = 15.5;
				LD_RUNPATH_SEARCH_PATHS = (
					"$(inherited)",
					"@executable_path/Frameworks",
				);
				MARKETING_VERSION = 1.0;
				PRODUCT_BUNDLE_IDENTIFIER = "dk.saxjax.Jakob-Skov-Sondergard-CV";
				PRODUCT_NAME = "Jakob Skov Sondergard CV";
				SDKROOT = iphoneos;
				SWIFT_EMIT_LOC_STRINGS = YES;
				SWIFT_VERSION = 5.0;
				TARGETED_DEVICE_FAMILY = "1,2";
				VALIDATE_PRODUCT = YES;
			};
			name = Release;
		};
		E4368B55289C7EFC00006E36 /* Debug */ = {
			isa = XCBuildConfiguration;
			buildSettings = {
				ASSETCATALOG_COMPILER_APPICON_NAME = AppIcon;
				ASSETCATALOG_COMPILER_GLOBAL_ACCENT_COLOR_NAME = AccentColor;
				ASSETCATALOG_COMPILER_INCLUDE_ALL_APPICON_ASSETS = YES;
				CODE_SIGN_ENTITLEMENTS = macOS/macOS.entitlements;
				CODE_SIGN_IDENTITY = "Apple Development";
				CODE_SIGN_STYLE = Automatic;
				COMBINE_HIDPI_IMAGES = YES;
				CURRENT_PROJECT_VERSION = 3;
				DEAD_CODE_STRIPPING = YES;
				DEVELOPMENT_TEAM = LW5S74625G;
				ENABLE_HARDENED_RUNTIME = YES;
				ENABLE_PREVIEWS = YES;
				GENERATE_INFOPLIST_FILE = YES;
				INFOPLIST_KEY_LSApplicationCategoryType = "public.app-category.business";
				INFOPLIST_KEY_NSHumanReadableCopyright = "";
				LD_RUNPATH_SEARCH_PATHS = (
					"$(inherited)",
					"@executable_path/../Frameworks",
				);
				MACOSX_DEPLOYMENT_TARGET = 12.3;
				MARKETING_VERSION = 1.0;
				PRODUCT_BUNDLE_IDENTIFIER = "dk.saxjax.Jakob-Skov-Sondergard-CV";
				PRODUCT_NAME = "Jakob Skov Sondergard CV";
				SDKROOT = macosx;
				SWIFT_EMIT_LOC_STRINGS = YES;
				SWIFT_VERSION = 5.0;
			};
			name = Debug;
		};
		E4368B56289C7EFC00006E36 /* Release */ = {
			isa = XCBuildConfiguration;
			buildSettings = {
				ASSETCATALOG_COMPILER_APPICON_NAME = AppIcon;
				ASSETCATALOG_COMPILER_GLOBAL_ACCENT_COLOR_NAME = AccentColor;
				ASSETCATALOG_COMPILER_INCLUDE_ALL_APPICON_ASSETS = YES;
				CODE_SIGN_ENTITLEMENTS = macOS/macOS.entitlements;
				CODE_SIGN_IDENTITY = "Apple Development";
				CODE_SIGN_STYLE = Automatic;
				COMBINE_HIDPI_IMAGES = YES;
				CURRENT_PROJECT_VERSION = 3;
				DEAD_CODE_STRIPPING = YES;
				DEVELOPMENT_TEAM = LW5S74625G;
				ENABLE_HARDENED_RUNTIME = YES;
				ENABLE_PREVIEWS = YES;
				GENERATE_INFOPLIST_FILE = YES;
				INFOPLIST_KEY_LSApplicationCategoryType = "public.app-category.business";
				INFOPLIST_KEY_NSHumanReadableCopyright = "";
				LD_RUNPATH_SEARCH_PATHS = (
					"$(inherited)",
					"@executable_path/../Frameworks",
				);
				MACOSX_DEPLOYMENT_TARGET = 12.3;
				MARKETING_VERSION = 1.0;
				PRODUCT_BUNDLE_IDENTIFIER = "dk.saxjax.Jakob-Skov-Sondergard-CV";
				PRODUCT_NAME = "Jakob Skov Sondergard CV";
				SDKROOT = macosx;
				SWIFT_EMIT_LOC_STRINGS = YES;
				SWIFT_VERSION = 5.0;
			};
			name = Release;
		};
		E4368B58289C7EFC00006E36 /* Debug */ = {
			isa = XCBuildConfiguration;
			buildSettings = {
				ALWAYS_EMBED_SWIFT_STANDARD_LIBRARIES = YES;
				CODE_SIGN_STYLE = Automatic;
				CURRENT_PROJECT_VERSION = 1;
				DEVELOPMENT_TEAM = LW5S74625G;
				GENERATE_INFOPLIST_FILE = YES;
				IPHONEOS_DEPLOYMENT_TARGET = 15.5;
				MARKETING_VERSION = 1.0;
				PRODUCT_BUNDLE_IDENTIFIER = "dk.saxjax.Tests-iOS";
				PRODUCT_NAME = "$(TARGET_NAME)";
				SDKROOT = iphoneos;
				SWIFT_EMIT_LOC_STRINGS = NO;
				SWIFT_VERSION = 5.0;
				TARGETED_DEVICE_FAMILY = "1,2";
				TEST_TARGET_NAME = "Jakob Skov Sondergard CV (iOS)";
			};
			name = Debug;
		};
		E4368B59289C7EFC00006E36 /* Release */ = {
			isa = XCBuildConfiguration;
			buildSettings = {
				ALWAYS_EMBED_SWIFT_STANDARD_LIBRARIES = YES;
				CODE_SIGN_STYLE = Automatic;
				CURRENT_PROJECT_VERSION = 1;
				DEVELOPMENT_TEAM = LW5S74625G;
				GENERATE_INFOPLIST_FILE = YES;
				IPHONEOS_DEPLOYMENT_TARGET = 15.5;
				MARKETING_VERSION = 1.0;
				PRODUCT_BUNDLE_IDENTIFIER = "dk.saxjax.Tests-iOS";
				PRODUCT_NAME = "$(TARGET_NAME)";
				SDKROOT = iphoneos;
				SWIFT_EMIT_LOC_STRINGS = NO;
				SWIFT_VERSION = 5.0;
				TARGETED_DEVICE_FAMILY = "1,2";
				TEST_TARGET_NAME = "Jakob Skov Sondergard CV (iOS)";
				VALIDATE_PRODUCT = YES;
			};
			name = Release;
		};
		E4368B5B289C7EFC00006E36 /* Debug */ = {
			isa = XCBuildConfiguration;
			buildSettings = {
				ALWAYS_EMBED_SWIFT_STANDARD_LIBRARIES = YES;
				CODE_SIGN_STYLE = Automatic;
				CURRENT_PROJECT_VERSION = 1;
				DEAD_CODE_STRIPPING = YES;
				DEVELOPMENT_TEAM = LW5S74625G;
				GENERATE_INFOPLIST_FILE = YES;
				MACOSX_DEPLOYMENT_TARGET = 12.3;
				MARKETING_VERSION = 1.0;
				PRODUCT_BUNDLE_IDENTIFIER = "dk.saxjax.Tests-macOS";
				PRODUCT_NAME = "$(TARGET_NAME)";
				SDKROOT = macosx;
				SWIFT_EMIT_LOC_STRINGS = NO;
				SWIFT_VERSION = 5.0;
				TEST_TARGET_NAME = "Jakob Skov Sondergard CV (macOS)";
			};
			name = Debug;
		};
		E4368B5C289C7EFC00006E36 /* Release */ = {
			isa = XCBuildConfiguration;
			buildSettings = {
				ALWAYS_EMBED_SWIFT_STANDARD_LIBRARIES = YES;
				CODE_SIGN_STYLE = Automatic;
				CURRENT_PROJECT_VERSION = 1;
				DEAD_CODE_STRIPPING = YES;
				DEVELOPMENT_TEAM = LW5S74625G;
				GENERATE_INFOPLIST_FILE = YES;
				MACOSX_DEPLOYMENT_TARGET = 12.3;
				MARKETING_VERSION = 1.0;
				PRODUCT_BUNDLE_IDENTIFIER = "dk.saxjax.Tests-macOS";
				PRODUCT_NAME = "$(TARGET_NAME)";
				SDKROOT = macosx;
				SWIFT_EMIT_LOC_STRINGS = NO;
				SWIFT_VERSION = 5.0;
				TEST_TARGET_NAME = "Jakob Skov Sondergard CV (macOS)";
			};
			name = Release;
		};
/* End XCBuildConfiguration section */

/* Begin XCConfigurationList section */
		E4368B1F289C7EF900006E36 /* Build configuration list for PBXProject "Jakob Skov Sondergard CV" */ = {
			isa = XCConfigurationList;
			buildConfigurations = (
				E4368B4F289C7EFC00006E36 /* Debug */,
				E4368B50289C7EFC00006E36 /* Release */,
			);
			defaultConfigurationIsVisible = 0;
			defaultConfigurationName = Release;
		};
		E4368B51289C7EFC00006E36 /* Build configuration list for PBXNativeTarget "Jakob Skov Sondergard CV (iOS)" */ = {
			isa = XCConfigurationList;
			buildConfigurations = (
				E4368B52289C7EFC00006E36 /* Debug */,
				E4368B53289C7EFC00006E36 /* Release */,
			);
			defaultConfigurationIsVisible = 0;
			defaultConfigurationName = Release;
		};
		E4368B54289C7EFC00006E36 /* Build configuration list for PBXNativeTarget "Jakob Skov Sondergard CV (macOS)" */ = {
			isa = XCConfigurationList;
			buildConfigurations = (
				E4368B55289C7EFC00006E36 /* Debug */,
				E4368B56289C7EFC00006E36 /* Release */,
			);
			defaultConfigurationIsVisible = 0;
			defaultConfigurationName = Release;
		};
		E4368B57289C7EFC00006E36 /* Build configuration list for PBXNativeTarget "Tests iOS" */ = {
			isa = XCConfigurationList;
			buildConfigurations = (
				E4368B58289C7EFC00006E36 /* Debug */,
				E4368B59289C7EFC00006E36 /* Release */,
			);
			defaultConfigurationIsVisible = 0;
			defaultConfigurationName = Release;
		};
		E4368B5A289C7EFC00006E36 /* Build configuration list for PBXNativeTarget "Tests macOS" */ = {
			isa = XCConfigurationList;
			buildConfigurations = (
				E4368B5B289C7EFC00006E36 /* Debug */,
				E4368B5C289C7EFC00006E36 /* Release */,
			);
			defaultConfigurationIsVisible = 0;
			defaultConfigurationName = Release;
		};
/* End XCConfigurationList section */

/* Begin XCRemoteSwiftPackageReference section */
		E41E187B28A02FE800FF4DC6 /* XCRemoteSwiftPackageReference "firebase-ios-sdk" */ = {
			isa = XCRemoteSwiftPackageReference;
			repositoryURL = "https://github.com/firebase/firebase-ios-sdk";
			requirement = {
				kind = upToNextMajorVersion;
				minimumVersion = 9.0.0;
			};
		};
		E4C91B4728A108E90072F694 /* XCRemoteSwiftPackageReference "firebase-ios-sdk" */ = {
			isa = XCRemoteSwiftPackageReference;
			repositoryURL = "https://github.com/firebase/firebase-ios-sdk";
			requirement = {
				branch = master;
				kind = branch;
			};
		};
		E4C91B4E28A12BE70072F694 /* XCRemoteSwiftPackageReference "firebase-ios-sdk" */ = {
			isa = XCRemoteSwiftPackageReference;
			repositoryURL = "https://github.com/firebase/firebase-ios-sdk";
			requirement = {
				branch = master;
				kind = branch;
			};
		};
		E4C91B5328A12EE90072F694 /* XCRemoteSwiftPackageReference "firebase-ios-sdk" */ = {
			isa = XCRemoteSwiftPackageReference;
			repositoryURL = "https://github.com/firebase/firebase-ios-sdk";
			requirement = {
				branch = master;
				kind = branch;
			};
		};
/* End XCRemoteSwiftPackageReference section */

/* Begin XCSwiftPackageProductDependency section */
		E41E187C28A02FE800FF4DC6 /* FirebaseAnalyticsSwift */ = {
			isa = XCSwiftPackageProductDependency;
			package = E41E187B28A02FE800FF4DC6 /* XCRemoteSwiftPackageReference "firebase-ios-sdk" */;
			productName = FirebaseAnalyticsSwift;
		};
		E41E187E28A02FE800FF4DC6 /* FirebaseAuth */ = {
			isa = XCSwiftPackageProductDependency;
			package = E41E187B28A02FE800FF4DC6 /* XCRemoteSwiftPackageReference "firebase-ios-sdk" */;
			productName = FirebaseAuth;
		};
		E41E188028A02FE800FF4DC6 /* FirebaseFirestoreSwift */ = {
			isa = XCSwiftPackageProductDependency;
			package = E41E187B28A02FE800FF4DC6 /* XCRemoteSwiftPackageReference "firebase-ios-sdk" */;
			productName = FirebaseFirestoreSwift;
		};
		E4C91B4828A108E90072F694 /* FirebaseAnalyticsSwift */ = {
			isa = XCSwiftPackageProductDependency;
			package = E4C91B4728A108E90072F694 /* XCRemoteSwiftPackageReference "firebase-ios-sdk" */;
			productName = FirebaseAnalyticsSwift;
		};
		E4C91B4A28A108E90072F694 /* FirebaseAuth */ = {
			isa = XCSwiftPackageProductDependency;
			package = E4C91B4728A108E90072F694 /* XCRemoteSwiftPackageReference "firebase-ios-sdk" */;
			productName = FirebaseAuth;
		};
		E4C91B4C28A108E90072F694 /* FirebaseFirestoreSwift */ = {
			isa = XCSwiftPackageProductDependency;
			package = E4C91B4728A108E90072F694 /* XCRemoteSwiftPackageReference "firebase-ios-sdk" */;
			productName = FirebaseFirestoreSwift;
		};
		E4C91B4F28A12BE70072F694 /* FirebaseAuth */ = {
			isa = XCSwiftPackageProductDependency;
			package = E4C91B4728A108E90072F694 /* XCRemoteSwiftPackageReference "firebase-ios-sdk" */;
			productName = FirebaseAuth;
		};
		E4C91B5128A12BE70072F694 /* FirebaseFirestoreSwift */ = {
			isa = XCSwiftPackageProductDependency;
			package = E4C91B4728A108E90072F694 /* XCRemoteSwiftPackageReference "firebase-ios-sdk" */;
			productName = FirebaseFirestoreSwift;
		};
		E4C91B5428A12EE90072F694 /* FirebaseAuth */ = {
			isa = XCSwiftPackageProductDependency;
			package = E4C91B4728A108E90072F694 /* XCRemoteSwiftPackageReference "firebase-ios-sdk" */;
			productName = FirebaseAuth;
		};
		E4C91B5628A12EE90072F694 /* FirebaseFirestoreSwift */ = {
			isa = XCSwiftPackageProductDependency;
			package = E4C91B4728A108E90072F694 /* XCRemoteSwiftPackageReference "firebase-ios-sdk" */;
			productName = FirebaseFirestoreSwift;
		};
/* End XCSwiftPackageProductDependency section */
	};
	rootObject = E4368B1C289C7EF900006E36 /* Project object */;
}
